// !$*UTF8*$!
{
	archiveVersion = 1;
	classes = {
	};
	objectVersion = 48;
	objects = {

/* Begin PBXBuildFile section */
		7A50DD9A1FA02A8D00616761 /* AppDelegate.swift in Sources */ = {isa = PBXBuildFile; fileRef = 7A50DD991FA02A8D00616761 /* AppDelegate.swift */; };
		7A50DD9C1FA02A8D00616761 /* ViewController.swift in Sources */ = {isa = PBXBuildFile; fileRef = 7A50DD9B1FA02A8D00616761 /* ViewController.swift */; };
		7A50DD9F1FA02A8D00616761 /* Main.storyboard in Resources */ = {isa = PBXBuildFile; fileRef = 7A50DD9D1FA02A8D00616761 /* Main.storyboard */; };
		7A50DDA11FA02A8D00616761 /* Assets.xcassets in Resources */ = {isa = PBXBuildFile; fileRef = 7A50DDA01FA02A8D00616761 /* Assets.xcassets */; };
		7A50DDA41FA02A8D00616761 /* LaunchScreen.storyboard in Resources */ = {isa = PBXBuildFile; fileRef = 7A50DDA21FA02A8D00616761 /* LaunchScreen.storyboard */; };
		7A50DDAF1FA02A8D00616761 /* Swift_protocalTests.swift in Sources */ = {isa = PBXBuildFile; fileRef = 7A50DDAE1FA02A8D00616761 /* Swift_protocalTests.swift */; };
		7A50DDBA1FA02A8D00616761 /* Swift_protocalUITests.swift in Sources */ = {isa = PBXBuildFile; fileRef = 7A50DDB91FA02A8D00616761 /* Swift_protocalUITests.swift */; };
/* End PBXBuildFile section */

/* Begin PBXContainerItemProxy section */
		7A50DDAB1FA02A8D00616761 /* PBXContainerItemProxy */ = {
			isa = PBXContainerItemProxy;
			containerPortal = 7A50DD8E1FA02A8D00616761 /* Project object */;
			proxyType = 1;
			remoteGlobalIDString = 7A50DD951FA02A8D00616761;
			remoteInfo = Swift_protocal;
		};
		7A50DDB61FA02A8D00616761 /* PBXContainerItemProxy */ = {
			isa = PBXContainerItemProxy;
			containerPortal = 7A50DD8E1FA02A8D00616761 /* Project object */;
			proxyType = 1;
			remoteGlobalIDString = 7A50DD951FA02A8D00616761;
			remoteInfo = Swift_protocal;
		};
/* End PBXContainerItemProxy section */

/* Begin PBXFileReference section */
		7A50DD961FA02A8D00616761 /* Swift_protocal.app */ = {isa = PBXFileReference; explicitFileType = wrapper.application; includeInIndex = 0; path = Swift_protocal.app; sourceTree = BUILT_PRODUCTS_DIR; };
		7A50DD991FA02A8D00616761 /* AppDelegate.swift */ = {isa = PBXFileReference; lastKnownFileType = sourcecode.swift; path = AppDelegate.swift; sourceTree = "<group>"; };
		7A50DD9B1FA02A8D00616761 /* ViewController.swift */ = {isa = PBXFileReference; lastKnownFileType = sourcecode.swift; path = ViewController.swift; sourceTree = "<group>"; };
		7A50DD9E1FA02A8D00616761 /* Base */ = {isa = PBXFileReference; lastKnownFileType = file.storyboard; name = Base; path = Base.lproj/Main.storyboard; sourceTree = "<group>"; };
		7A50DDA01FA02A8D00616761 /* Assets.xcassets */ = {isa = PBXFileReference; lastKnownFileType = folder.assetcatalog; path = Assets.xcassets; sourceTree = "<group>"; };
		7A50DDA31FA02A8D00616761 /* Base */ = {isa = PBXFileReference; lastKnownFileType = file.storyboard; name = Base; path = Base.lproj/LaunchScreen.storyboard; sourceTree = "<group>"; };
		7A50DDA51FA02A8D00616761 /* Info.plist */ = {isa = PBXFileReference; lastKnownFileType = text.plist.xml; path = Info.plist; sourceTree = "<group>"; };
		7A50DDAA1FA02A8D00616761 /* Swift_protocalTests.xctest */ = {isa = PBXFileReference; explicitFileType = wrapper.cfbundle; includeInIndex = 0; path = Swift_protocalTests.xctest; sourceTree = BUILT_PRODUCTS_DIR; };
		7A50DDAE1FA02A8D00616761 /* Swift_protocalTests.swift */ = {isa = PBXFileReference; lastKnownFileType = sourcecode.swift; path = Swift_protocalTests.swift; sourceTree = "<group>"; };
		7A50DDB01FA02A8D00616761 /* Info.plist */ = {isa = PBXFileReference; lastKnownFileType = text.plist.xml; path = Info.plist; sourceTree = "<group>"; };
		7A50DDB51FA02A8D00616761 /* Swift_protocalUITests.xctest */ = {isa = PBXFileReference; explicitFileType = wrapper.cfbundle; includeInIndex = 0; path = Swift_protocalUITests.xctest; sourceTree = BUILT_PRODUCTS_DIR; };
		7A50DDB91FA02A8D00616761 /* Swift_protocalUITests.swift */ = {isa = PBXFileReference; lastKnownFileType = sourcecode.swift; path = Swift_protocalUITests.swift; sourceTree = "<group>"; };
		7A50DDBB1FA02A8D00616761 /* Info.plist */ = {isa = PBXFileReference; lastKnownFileType = text.plist.xml; path = Info.plist; sourceTree = "<group>"; };
/* End PBXFileReference section */

/* Begin PBXFrameworksBuildPhase section */
		7A50DD931FA02A8D00616761 /* Frameworks */ = {
			isa = PBXFrameworksBuildPhase;
			buildActionMask = 2147483647;
			files = (
			);
			runOnlyForDeploymentPostprocessing = 0;
		};
		7A50DDA71FA02A8D00616761 /* Frameworks */ = {
			isa = PBXFrameworksBuildPhase;
			buildActionMask = 2147483647;
			files = (
			);
			runOnlyForDeploymentPostprocessing = 0;
		};
		7A50DDB21FA02A8D00616761 /* Frameworks */ = {
			isa = PBXFrameworksBuildPhase;
			buildActionMask = 2147483647;
			files = (
			);
			runOnlyForDeploymentPostprocessing = 0;
		};
/* End PBXFrameworksBuildPhase section */

/* Begin PBXGroup section */
		7A50DD8D1FA02A8D00616761 = {
			isa = PBXGroup;
			children = (
				7A50DD981FA02A8D00616761 /* Swift_protocal */,
				7A50DDAD1FA02A8D00616761 /* Swift_protocalTests */,
				7A50DDB81FA02A8D00616761 /* Swift_protocalUITests */,
				7A50DD971FA02A8D00616761 /* Products */,
			);
			sourceTree = "<group>";
		};
		7A50DD971FA02A8D00616761 /* Products */ = {
			isa = PBXGroup;
			children = (
				7A50DD961FA02A8D00616761 /* Swift_protocal.app */,
				7A50DDAA1FA02A8D00616761 /* Swift_protocalTests.xctest */,
				7A50DDB51FA02A8D00616761 /* Swift_protocalUITests.xctest */,
			);
			name = Products;
			sourceTree = "<group>";
		};
		7A50DD981FA02A8D00616761 /* Swift_protocal */ = {
			isa = PBXGroup;
			children = (
				7A50DD991FA02A8D00616761 /* AppDelegate.swift */,
				7A50DD9B1FA02A8D00616761 /* ViewController.swift */,
				7A50DD9D1FA02A8D00616761 /* Main.storyboard */,
				7A50DDA01FA02A8D00616761 /* Assets.xcassets */,
				7A50DDA21FA02A8D00616761 /* LaunchScreen.storyboard */,
				7A50DDA51FA02A8D00616761 /* Info.plist */,
			);
			path = Swift_protocal;
			sourceTree = "<group>";
		};
		7A50DDAD1FA02A8D00616761 /* Swift_protocalTests */ = {
			isa = PBXGroup;
			children = (
				7A50DDAE1FA02A8D00616761 /* Swift_protocalTests.swift */,
				7A50DDB01FA02A8D00616761 /* Info.plist */,
			);
			path = Swift_protocalTests;
			sourceTree = "<group>";
		};
		7A50DDB81FA02A8D00616761 /* Swift_protocalUITests */ = {
			isa = PBXGroup;
			children = (
				7A50DDB91FA02A8D00616761 /* Swift_protocalUITests.swift */,
				7A50DDBB1FA02A8D00616761 /* Info.plist */,
			);
			path = Swift_protocalUITests;
			sourceTree = "<group>";
		};
/* End PBXGroup section */

/* Begin PBXNativeTarget section */
		7A50DD951FA02A8D00616761 /* Swift_protocal */ = {
			isa = PBXNativeTarget;
			buildConfigurationList = 7A50DDBE1FA02A8D00616761 /* Build configuration list for PBXNativeTarget "Swift_protocal" */;
			buildPhases = (
				7A50DD921FA02A8D00616761 /* Sources */,
				7A50DD931FA02A8D00616761 /* Frameworks */,
				7A50DD941FA02A8D00616761 /* Resources */,
			);
			buildRules = (
			);
			dependencies = (
			);
			name = Swift_protocal;
			productName = Swift_protocal;
			productReference = 7A50DD961FA02A8D00616761 /* Swift_protocal.app */;
			productType = "com.apple.product-type.application";
		};
		7A50DDA91FA02A8D00616761 /* Swift_protocalTests */ = {
			isa = PBXNativeTarget;
			buildConfigurationList = 7A50DDC11FA02A8D00616761 /* Build configuration list for PBXNativeTarget "Swift_protocalTests" */;
			buildPhases = (
				7A50DDA61FA02A8D00616761 /* Sources */,
				7A50DDA71FA02A8D00616761 /* Frameworks */,
				7A50DDA81FA02A8D00616761 /* Resources */,
			);
			buildRules = (
			);
			dependencies = (
				7A50DDAC1FA02A8D00616761 /* PBXTargetDependency */,
			);
			name = Swift_protocalTests;
			productName = Swift_protocalTests;
			productReference = 7A50DDAA1FA02A8D00616761 /* Swift_protocalTests.xctest */;
			productType = "com.apple.product-type.bundle.unit-test";
		};
		7A50DDB41FA02A8D00616761 /* Swift_protocalUITests */ = {
			isa = PBXNativeTarget;
			buildConfigurationList = 7A50DDC41FA02A8D00616761 /* Build configuration list for PBXNativeTarget "Swift_protocalUITests" */;
			buildPhases = (
				7A50DDB11FA02A8D00616761 /* Sources */,
				7A50DDB21FA02A8D00616761 /* Frameworks */,
				7A50DDB31FA02A8D00616761 /* Resources */,
			);
			buildRules = (
			);
			dependencies = (
				7A50DDB71FA02A8D00616761 /* PBXTargetDependency */,
			);
			name = Swift_protocalUITests;
			productName = Swift_protocalUITests;
			productReference = 7A50DDB51FA02A8D00616761 /* Swift_protocalUITests.xctest */;
			productType = "com.apple.product-type.bundle.ui-testing";
		};
/* End PBXNativeTarget section */

/* Begin PBXProject section */
		7A50DD8E1FA02A8D00616761 /* Project object */ = {
			isa = PBXProject;
			attributes = {
				LastSwiftUpdateCheck = 0900;
				LastUpgradeCheck = 0900;
				ORGANIZATIONNAME = HongpengYu;
				TargetAttributes = {
					7A50DD951FA02A8D00616761 = {
						CreatedOnToolsVersion = 9.0.1;
						ProvisioningStyle = Automatic;
					};
					7A50DDA91FA02A8D00616761 = {
						CreatedOnToolsVersion = 9.0.1;
						ProvisioningStyle = Automatic;
						TestTargetID = 7A50DD951FA02A8D00616761;
					};
					7A50DDB41FA02A8D00616761 = {
						CreatedOnToolsVersion = 9.0.1;
						ProvisioningStyle = Automatic;
						TestTargetID = 7A50DD951FA02A8D00616761;
					};
				};
			};
			buildConfigurationList = 7A50DD911FA02A8D00616761 /* Build configuration list for PBXProject "Swift_protocal" */;
			compatibilityVersion = "Xcode 8.0";
			developmentRegion = en;
			hasScannedForEncodings = 0;
			knownRegions = (
				en,
				Base,
			);
			mainGroup = 7A50DD8D1FA02A8D00616761;
			productRefGroup = 7A50DD971FA02A8D00616761 /* Products */;
			projectDirPath = "";
			projectRoot = "";
			targets = (
				7A50DD951FA02A8D00616761 /* Swift_protocal */,
				7A50DDA91FA02A8D00616761 /* Swift_protocalTests */,
				7A50DDB41FA02A8D00616761 /* Swift_protocalUITests */,
			);
		};
/* End PBXProject section */

/* Begin PBXResourcesBuildPhase section */
		7A50DD941FA02A8D00616761 /* Resources */ = {
			isa = PBXResourcesBuildPhase;
			buildActionMask = 2147483647;
			files = (
				7A50DDA41FA02A8D00616761 /* LaunchScreen.storyboard in Resources */,
				7A50DDA11FA02A8D00616761 /* Assets.xcassets in Resources */,
				7A50DD9F1FA02A8D00616761 /* Main.storyboard in Resources */,
			);
			runOnlyForDeploymentPostprocessing = 0;
		};
		7A50DDA81FA02A8D00616761 /* Resources */ = {
			isa = PBXResourcesBuildPhase;
			buildActionMask = 2147483647;
			files = (
			);
			runOnlyForDeploymentPostprocessing = 0;
		};
		7A50DDB31FA02A8D00616761 /* Resources */ = {
			isa = PBXResourcesBuildPhase;
			buildActionMask = 2147483647;
			files = (
			);
			runOnlyForDeploymentPostprocessing = 0;
		};
/* End PBXResourcesBuildPhase section */

/* Begin PBXSourcesBuildPhase section */
		7A50DD921FA02A8D00616761 /* Sources */ = {
			isa = PBXSourcesBuildPhase;
			buildActionMask = 2147483647;
			files = (
				7A50DD9C1FA02A8D00616761 /* ViewController.swift in Sources */,
				7A50DD9A1FA02A8D00616761 /* AppDelegate.swift in Sources */,
			);
			runOnlyForDeploymentPostprocessing = 0;
		};
		7A50DDA61FA02A8D00616761 /* Sources */ = {
			isa = PBXSourcesBuildPhase;
			buildActionMask = 2147483647;
			files = (
				7A50DDAF1FA02A8D00616761 /* Swift_protocalTests.swift in Sources */,
			);
			runOnlyForDeploymentPostprocessing = 0;
		};
		7A50DDB11FA02A8D00616761 /* Sources */ = {
			isa = PBXSourcesBuildPhase;
			buildActionMask = 2147483647;
			files = (
				7A50DDBA1FA02A8D00616761 /* Swift_protocalUITests.swift in Sources */,
			);
			runOnlyForDeploymentPostprocessing = 0;
		};
/* End PBXSourcesBuildPhase section */

/* Begin PBXTargetDependency section */
		7A50DDAC1FA02A8D00616761 /* PBXTargetDependency */ = {
			isa = PBXTargetDependency;
			target = 7A50DD951FA02A8D00616761 /* Swift_protocal */;
			targetProxy = 7A50DDAB1FA02A8D00616761 /* PBXContainerItemProxy */;
		};
		7A50DDB71FA02A8D00616761 /* PBXTargetDependency */ = {
			isa = PBXTargetDependency;
			target = 7A50DD951FA02A8D00616761 /* Swift_protocal */;
			targetProxy = 7A50DDB61FA02A8D00616761 /* PBXContainerItemProxy */;
		};
/* End PBXTargetDependency section */

/* Begin PBXVariantGroup section */
		7A50DD9D1FA02A8D00616761 /* Main.storyboard */ = {
			isa = PBXVariantGroup;
			children = (
				7A50DD9E1FA02A8D00616761 /* Base */,
			);
			name = Main.storyboard;
			sourceTree = "<group>";
		};
		7A50DDA21FA02A8D00616761 /* LaunchScreen.storyboard */ = {
			isa = PBXVariantGroup;
			children = (
				7A50DDA31FA02A8D00616761 /* Base */,
			);
			name = LaunchScreen.storyboard;
			sourceTree = "<group>";
		};
/* End PBXVariantGroup section */

/* Begin XCBuildConfiguration section */
		7A50DDBC1FA02A8D00616761 /* Debug */ = {
			isa = XCBuildConfiguration;
			buildSettings = {
				ALWAYS_SEARCH_USER_PATHS = NO;
				CLANG_ANALYZER_NONNULL = YES;
				CLANG_ANALYZER_NUMBER_OBJECT_CONVERSION = YES_AGGRESSIVE;
				CLANG_CXX_LANGUAGE_STANDARD = "gnu++14";
				CLANG_CXX_LIBRARY = "libc++";
				CLANG_ENABLE_MODULES = YES;
				CLANG_ENABLE_OBJC_ARC = YES;
				CLANG_WARN_BLOCK_CAPTURE_AUTORELEASING = YES;
				CLANG_WARN_BOOL_CONVERSION = YES;
				CLANG_WARN_COMMA = YES;
				CLANG_WARN_CONSTANT_CONVERSION = YES;
				CLANG_WARN_DIRECT_OBJC_ISA_USAGE = YES_ERROR;
				CLANG_WARN_DOCUMENTATION_COMMENTS = YES;
				CLANG_WARN_EMPTY_BODY = YES;
				CLANG_WARN_ENUM_CONVERSION = YES;
				CLANG_WARN_INFINITE_RECURSION = YES;
				CLANG_WARN_INT_CONVERSION = YES;
				CLANG_WARN_NON_LITERAL_NULL_CONVERSION = YES;
				CLANG_WARN_OBJC_LITERAL_CONVERSION = YES;
				CLANG_WARN_OBJC_ROOT_CLASS = YES_ERROR;
				CLANG_WARN_RANGE_LOOP_ANALYSIS = YES;
				CLANG_WARN_STRICT_PROTOTYPES = YES;
				CLANG_WARN_SUSPICIOUS_MOVE = YES;
				CLANG_WARN_UNGUARDED_AVAILABILITY = YES_AGGRESSIVE;
				CLANG_WARN_UNREACHABLE_CODE = YES;
				CLANG_WARN__DUPLICATE_METHOD_MATCH = YES;
				CODE_SIGN_IDENTITY = "iPhone Developer";
				COPY_PHASE_STRIP = NO;
				DEBUG_INFORMATION_FORMAT = dwarf;
				ENABLE_STRICT_OBJC_MSGSEND = YES;
				ENABLE_TESTABILITY = YES;
				GCC_C_LANGUAGE_STANDARD = gnu11;
				GCC_DYNAMIC_NO_PIC = NO;
				GCC_NO_COMMON_BLOCKS = YES;
				GCC_OPTIMIZATION_LEVEL = 0;
				GCC_PREPROCESSOR_DEFINITIONS = (
					"DEBUG=1",
					"$(inherited)",
				);
				GCC_WARN_64_TO_32_BIT_CONVERSION = YES;
				GCC_WARN_ABOUT_RETURN_TYPE = YES_ERROR;
				GCC_WARN_UNDECLARED_SELECTOR = YES;
				GCC_WARN_UNINITIALIZED_AUTOS = YES_AGGRESSIVE;
				GCC_WARN_UNUSED_FUNCTION = YES;
				GCC_WARN_UNUSED_VARIABLE = YES;
				IPHONEOS_DEPLOYMENT_TARGET = 11.0;
				MTL_ENABLE_DEBUG_INFO = YES;
				ONLY_ACTIVE_ARCH = YES;
				SDKROOT = iphoneos;
				SWIFT_ACTIVE_COMPILATION_CONDITIONS = DEBUG;
				SWIFT_OPTIMIZATION_LEVEL = "-Onone";
			};
			name = Debug;
		};
		7A50DDBD1FA02A8D00616761 /* Release */ = {
			isa = XCBuildConfiguration;
			buildSettings = {
				ALWAYS_SEARCH_USER_PATHS = NO;
				CLANG_ANALYZER_NONNULL = YES;
				CLANG_ANALYZER_NUMBER_OBJECT_CONVERSION = YES_AGGRESSIVE;
				CLANG_CXX_LANGUAGE_STANDARD = "gnu++14";
				CLANG_CXX_LIBRARY = "libc++";
				CLANG_ENABLE_MODULES = YES;
				CLANG_ENABLE_OBJC_ARC = YES;
				CLANG_WARN_BLOCK_CAPTURE_AUTORELEASING = YES;
				CLANG_WARN_BOOL_CONVERSION = YES;
				CLANG_WARN_COMMA = YES;
				CLANG_WARN_CONSTANT_CONVERSION = YES;
				CLANG_WARN_DIRECT_OBJC_ISA_USAGE = YES_ERROR;
				CLANG_WARN_DOCUMENTATION_COMMENTS = YES;
				CLANG_WARN_EMPTY_BODY = YES;
				CLANG_WARN_ENUM_CONVERSION = YES;
				CLANG_WARN_INFINITE_RECURSION = YES;
				CLANG_WARN_INT_CONVERSION = YES;
				CLANG_WARN_NON_LITERAL_NULL_CONVERSION = YES;
				CLANG_WARN_OBJC_LITERAL_CONVERSION = YES;
				CLANG_WARN_OBJC_ROOT_CLASS = YES_ERROR;
				CLANG_WARN_RANGE_LOOP_ANALYSIS = YES;
				CLANG_WARN_STRICT_PROTOTYPES = YES;
				CLANG_WARN_SUSPICIOUS_MOVE = YES;
				CLANG_WARN_UNGUARDED_AVAILABILITY = YES_AGGRESSIVE;
				CLANG_WARN_UNREACHABLE_CODE = YES;
				CLANG_WARN__DUPLICATE_METHOD_MATCH = YES;
				CODE_SIGN_IDENTITY = "iPhone Developer";
				COPY_PHASE_STRIP = NO;
				DEBUG_INFORMATION_FORMAT = "dwarf-with-dsym";
				ENABLE_NS_ASSERTIONS = NO;
				ENABLE_STRICT_OBJC_MSGSEND = YES;
				GCC_C_LANGUAGE_STANDARD = gnu11;
				GCC_NO_COMMON_BLOCKS = YES;
				GCC_WARN_64_TO_32_BIT_CONVERSION = YES;
				GCC_WARN_ABOUT_RETURN_TYPE = YES_ERROR;
				GCC_WARN_UNDECLARED_SELECTOR = YES;
				GCC_WARN_UNINITIALIZED_AUTOS = YES_AGGRESSIVE;
				GCC_WARN_UNUSED_FUNCTION = YES;
				GCC_WARN_UNUSED_VARIABLE = YES;
				IPHONEOS_DEPLOYMENT_TARGET = 11.0;
				MTL_ENABLE_DEBUG_INFO = NO;
				SDKROOT = iphoneos;
				SWIFT_OPTIMIZATION_LEVEL = "-Owholemodule";
				VALIDATE_PRODUCT = YES;
			};
			name = Release;
		};
		7A50DDBF1FA02A8D00616761 /* Debug */ = {
			isa = XCBuildConfiguration;
			buildSettings = {
				ASSETCATALOG_COMPILER_APPICON_NAME = AppIcon;
				CODE_SIGN_STYLE = Automatic;
				DEVELOPMENT_TEAM = UP23SS576K;
				INFOPLIST_FILE = Swift_protocal/Info.plist;
				LD_RUNPATH_SEARCH_PATHS = "$(inherited) @executable_path/Frameworks";
				PRODUCT_BUNDLE_IDENTIFIER = "HongpengYu.com.Swift-protocal";
				PRODUCT_NAME = "$(TARGET_NAME)";
				SWIFT_VERSION = 4.0;
				TARGETED_DEVICE_FAMILY = "1,2";
			};
			name = Debug;
		};
		7A50DDC01FA02A8D00616761 /* Release */ = {
			isa = XCBuildConfiguration;
			buildSettings = {
				ASSETCATALOG_COMPILER_APPICON_NAME = AppIcon;
				CODE_SIGN_STYLE = Automatic;
				DEVELOPMENT_TEAM = UP23SS576K;
				INFOPLIST_FILE = Swift_protocal/Info.plist;
				LD_RUNPATH_SEARCH_PATHS = "$(inherited) @executable_path/Frameworks";
				PRODUCT_BUNDLE_IDENTIFIER = "HongpengYu.com.Swift-protocal";
				PRODUCT_NAME = "$(TARGET_NAME)";
				SWIFT_VERSION = 4.0;
				TARGETED_DEVICE_FAMILY = "1,2";
			};
			name = Release;
		};
		7A50DDC21FA02A8D00616761 /* Debug */ = {
			isa = XCBuildConfiguration;
			buildSettings = {
				ALWAYS_EMBED_SWIFT_STANDARD_LIBRARIES = YES;
				BUNDLE_LOADER = "$(TEST_HOST)";
				CODE_SIGN_STYLE = Automatic;
				DEVELOPMENT_TEAM = UP23SS576K;
				INFOPLIST_FILE = Swift_protocalTests/Info.plist;
				LD_RUNPATH_SEARCH_PATHS = "$(inherited) @executable_path/Frameworks @loader_path/Frameworks";
				PRODUCT_BUNDLE_IDENTIFIER = "HongpengYu.com.Swift-protocalTests";
				PRODUCT_NAME = "$(TARGET_NAME)";
				SWIFT_VERSION = 4.0;
				TARGETED_DEVICE_FAMILY = "1,2";
				TEST_HOST = "$(BUILT_PRODUCTS_DIR)/Swift_protocal.app/Swift_protocal";
			};
			name = Debug;
		};
		7A50DDC31FA02A8D00616761 /* Release */ = {
			isa = XCBuildConfiguration;
			buildSettings = {
				ALWAYS_EMBED_SWIFT_STANDARD_LIBRARIES = YES;
				BUNDLE_LOADER = "$(TEST_HOST)";
				CODE_SIGN_STYLE = Automatic;
				DEVELOPMENT_TEAM = UP23SS576K;
				INFOPLIST_FILE = Swift_protocalTests/Info.plist;
				LD_RUNPATH_SEARCH_PATHS = "$(inherited) @executable_path/Frameworks @loader_path/Frameworks";
				PRODUCT_BUNDLE_IDENTIFIER = "HongpengYu.com.Swift-protocalTests";
				PRODUCT_NAME = "$(TARGET_NAME)";
				SWIFT_VERSION = 4.0;
				TARGETED_DEVICE_FAMILY = "1,2";
				TEST_HOST = "$(BUILT_PRODUCTS_DIR)/Swift_protocal.app/Swift_protocal";
			};
			name = Release;
		};
		7A50DDC51FA02A8D00616761 /* Debug */ = {
			isa = XCBuildConfiguration;
			buildSettings = {
				ALWAYS_EMBED_SWIFT_STANDARD_LIBRARIES = YES;
				CODE_SIGN_STYLE = Automatic;
				DEVELOPMENT_TEAM = UP23SS576K;
				INFOPLIST_FILE = Swift_protocalUITests/Info.plist;
				LD_RUNPATH_SEARCH_PATHS = "$(inherited) @executable_path/Frameworks @loader_path/Frameworks";
				PRODUCT_BUNDLE_IDENTIFIER = "HongpengYu.com.Swift-protocalUITests";
				PRODUCT_NAME = "$(TARGET_NAME)";
				SWIFT_VERSION = 4.0;
				TARGETED_DEVICE_FAMILY = "1,2";
				TEST_TARGET_NAME = Swift_protocal;
			};
			name = Debug;
		};
		7A50DDC61FA02A8D00616761 /* Release */ = {
			isa = XCBuildConfiguration;
			buildSettings = {
				ALWAYS_EMBED_SWIFT_STANDARD_LIBRARIES = YES;
				CODE_SIGN_STYLE = Automatic;
				DEVELOPMENT_TEAM = UP23SS576K;
				INFOPLIST_FILE = Swift_protocalUITests/Info.plist;
				LD_RUNPATH_SEARCH_PATHS = "$(inherited) @executable_path/Frameworks @loader_path/Frameworks";
				PRODUCT_BUNDLE_IDENTIFIER = "HongpengYu.com.Swift-protocalUITests";
				PRODUCT_NAME = "$(TARGET_NAME)";
				SWIFT_VERSION = 4.0;
				TARGETED_DEVICE_FAMILY = "1,2";
				TEST_TARGET_NAME = Swift_protocal;
			};
			name = Release;
		};
/* End XCBuildConfiguration section */

/* Begin XCConfigurationList section */
		7A50DD911FA02A8D00616761 /* Build configuration list for PBXProject "Swift_protocal" */ = {
			isa = XCConfigurationList;
			buildConfigurations = (
				7A50DDBC1FA02A8D00616761 /* Debug */,
				7A50DDBD1FA02A8D00616761 /* Release */,
			);
			defaultConfigurationIsVisible = 0;
			defaultConfigurationName = Release;
		};
		7A50DDBE1FA02A8D00616761 /* Build configuration list for PBXNativeTarget "Swift_protocal" */ = {
			isa = XCConfigurationList;
			buildConfigurations = (
				7A50DDBF1FA02A8D00616761 /* Debug */,
				7A50DDC01FA02A8D00616761 /* Release */,
			);
			defaultConfigurationIsVisible = 0;
			defaultConfigurationName = Release;
		};
		7A50DDC11FA02A8D00616761 /* Build configuration list for PBXNativeTarget "Swift_protocalTests" */ = {
			isa = XCConfigurationList;
			buildConfigurations = (
				7A50DDC21FA02A8D00616761 /* Debug */,
				7A50DDC31FA02A8D00616761 /* Release */,
			);
			defaultConfigurationIsVisible = 0;
			defaultConfigurationName = Release;
		};
		7A50DDC41FA02A8D00616761 /* Build configuration list for PBXNativeTarget "Swift_protocalUITests" */ = {
			isa = XCConfigurationList;
			buildConfigurations = (
				7A50DDC51FA02A8D00616761 /* Debug */,
				7A50DDC61FA02A8D00616761 /* Release */,
			);
			defaultConfigurationIsVisible = 0;
			defaultConfigurationName = Release;
		};
/* End XCConfigurationList section */
	};
	rootObject = 7A50DD8E1FA02A8D00616761 /* Project object */;
}
