// !$*UTF8*$!
{
	archiveVersion = 1;
	classes = {
	};
	objectVersion = 48;
	objects = {

/* Begin PBXBuildFile section */
		2DF45BD8BDC203A8EAB546C2 /* Pods_Swift_protocalUITests.framework in Frameworks */ = {isa = PBXBuildFile; fileRef = 18D2CED8EA366BC065D31A92 /* Pods_Swift_protocalUITests.framework */; };
		30CD1A56CE4D3578143D4683 /* Pods_Swift_protocal.framework in Frameworks */ = {isa = PBXBuildFile; fileRef = BD61160344D4A3580E575BA4 /* Pods_Swift_protocal.framework */; };
		4214FC5174F5094E0A76923F /* Pods_Swift_protocalTests.framework in Frameworks */ = {isa = PBXBuildFile; fileRef = 6B1DCBD78CB085D56796C792 /* Pods_Swift_protocalTests.framework */; };
		7A50DD9A1FA02A8D00616761 /* AppDelegate.swift in Sources */ = {isa = PBXBuildFile; fileRef = 7A50DD991FA02A8D00616761 /* AppDelegate.swift */; };
		7A50DD9C1FA02A8D00616761 /* ViewController.swift in Sources */ = {isa = PBXBuildFile; fileRef = 7A50DD9B1FA02A8D00616761 /* ViewController.swift */; };
		7A50DD9F1FA02A8D00616761 /* Main.storyboard in Resources */ = {isa = PBXBuildFile; fileRef = 7A50DD9D1FA02A8D00616761 /* Main.storyboard */; };
		7A50DDA11FA02A8D00616761 /* Assets.xcassets in Resources */ = {isa = PBXBuildFile; fileRef = 7A50DDA01FA02A8D00616761 /* Assets.xcassets */; };
		7A50DDA41FA02A8D00616761 /* LaunchScreen.storyboard in Resources */ = {isa = PBXBuildFile; fileRef = 7A50DDA21FA02A8D00616761 /* LaunchScreen.storyboard */; };
		7A50DDAF1FA02A8D00616761 /* Swift_protocalTests.swift in Sources */ = {isa = PBXBuildFile; fileRef = 7A50DDAE1FA02A8D00616761 /* Swift_protocalTests.swift */; };
		7A50DDBA1FA02A8D00616761 /* Swift_protocalUITests.swift in Sources */ = {isa = PBXBuildFile; fileRef = 7A50DDB91FA02A8D00616761 /* Swift_protocalUITests.swift */; };
		7A50DDC81FA02B1900616761 /* PPProtocal.swift in Sources */ = {isa = PBXBuildFile; fileRef = 7A50DDC71FA02B1900616761 /* PPProtocal.swift */; };
		7A50DDCA1FA02B8800616761 /* PPPerson.swift in Sources */ = {isa = PBXBuildFile; fileRef = 7A50DDC91FA02B8800616761 /* PPPerson.swift */; };
		7A50DDCC1FA02BF800616761 /* PPDog.swift in Sources */ = {isa = PBXBuildFile; fileRef = 7A50DDCB1FA02BF800616761 /* PPDog.swift */; };
		7A50DDCE1FA02DDB00616761 /* PPEatable.swift in Sources */ = {isa = PBXBuildFile; fileRef = 7A50DDCD1FA02DDB00616761 /* PPEatable.swift */; };
		7A50DDD01FA0304400616761 /* PPFish.swift in Sources */ = {isa = PBXBuildFile; fileRef = 7A50DDCF1FA0304400616761 /* PPFish.swift */; };
		7A50DDD21FA0360300616761 /* PPHUD.swift in Sources */ = {isa = PBXBuildFile; fileRef = 7A50DDD11FA0360300616761 /* PPHUD.swift */; };
/* End PBXBuildFile section */

/* Begin PBXContainerItemProxy section */
		7A50DDAB1FA02A8D00616761 /* PBXContainerItemProxy */ = {
			isa = PBXContainerItemProxy;
			containerPortal = 7A50DD8E1FA02A8D00616761 /* Project object */;
			proxyType = 1;
			remoteGlobalIDString = 7A50DD951FA02A8D00616761;
			remoteInfo = Swift_protocal;
		};
		7A50DDB61FA02A8D00616761 /* PBXContainerItemProxy */ = {
			isa = PBXContainerItemProxy;
			containerPortal = 7A50DD8E1FA02A8D00616761 /* Project object */;
			proxyType = 1;
			remoteGlobalIDString = 7A50DD951FA02A8D00616761;
			remoteInfo = Swift_protocal;
		};
/* End PBXContainerItemProxy section */

/* Begin PBXFileReference section */
		18D2CED8EA366BC065D31A92 /* Pods_Swift_protocalUITests.framework */ = {isa = PBXFileReference; explicitFileType = wrapper.framework; includeInIndex = 0; path = Pods_Swift_protocalUITests.framework; sourceTree = BUILT_PRODUCTS_DIR; };
		3E2C207EBE7C4E687ADDC1E8 /* Pods-Swift_protocal.debug.xcconfig */ = {isa = PBXFileReference; includeInIndex = 1; lastKnownFileType = text.xcconfig; name = "Pods-Swift_protocal.debug.xcconfig"; path = "Pods/Target Support Files/Pods-Swift_protocal/Pods-Swift_protocal.debug.xcconfig"; sourceTree = "<group>"; };
		4B1A3EA9FE69733226D45A2F /* Pods-Swift_protocalUITests.debug.xcconfig */ = {isa = PBXFileReference; includeInIndex = 1; lastKnownFileType = text.xcconfig; name = "Pods-Swift_protocalUITests.debug.xcconfig"; path = "Pods/Target Support Files/Pods-Swift_protocalUITests/Pods-Swift_protocalUITests.debug.xcconfig"; sourceTree = "<group>"; };
		5EDA87B310DC7A7F09614F8F /* Pods-Swift_protocalUITests.release.xcconfig */ = {isa = PBXFileReference; includeInIndex = 1; lastKnownFileType = text.xcconfig; name = "Pods-Swift_protocalUITests.release.xcconfig"; path = "Pods/Target Support Files/Pods-Swift_protocalUITests/Pods-Swift_protocalUITests.release.xcconfig"; sourceTree = "<group>"; };
		6B1DCBD78CB085D56796C792 /* Pods_Swift_protocalTests.framework */ = {isa = PBXFileReference; explicitFileType = wrapper.framework; includeInIndex = 0; path = Pods_Swift_protocalTests.framework; sourceTree = BUILT_PRODUCTS_DIR; };
		7A50DD961FA02A8D00616761 /* Swift_protocal.app */ = {isa = PBXFileReference; explicitFileType = wrapper.application; includeInIndex = 0; path = Swift_protocal.app; sourceTree = BUILT_PRODUCTS_DIR; };
		7A50DD991FA02A8D00616761 /* AppDelegate.swift */ = {isa = PBXFileReference; lastKnownFileType = sourcecode.swift; path = AppDelegate.swift; sourceTree = "<group>"; };
		7A50DD9B1FA02A8D00616761 /* ViewController.swift */ = {isa = PBXFileReference; lastKnownFileType = sourcecode.swift; path = ViewController.swift; sourceTree = "<group>"; };
		7A50DD9E1FA02A8D00616761 /* Base */ = {isa = PBXFileReference; lastKnownFileType = file.storyboard; name = Base; path = Base.lproj/Main.storyboard; sourceTree = "<group>"; };
		7A50DDA01FA02A8D00616761 /* Assets.xcassets */ = {isa = PBXFileReference; lastKnownFileType = folder.assetcatalog; path = Assets.xcassets; sourceTree = "<group>"; };
		7A50DDA31FA02A8D00616761 /* Base */ = {isa = PBXFileReference; lastKnownFileType = file.storyboard; name = Base; path = Base.lproj/LaunchScreen.storyboard; sourceTree = "<group>"; };
		7A50DDA51FA02A8D00616761 /* Info.plist */ = {isa = PBXFileReference; lastKnownFileType = text.plist.xml; path = Info.plist; sourceTree = "<group>"; };
		7A50DDAA1FA02A8D00616761 /* Swift_protocalTests.xctest */ = {isa = PBXFileReference; explicitFileType = wrapper.cfbundle; includeInIndex = 0; path = Swift_protocalTests.xctest; sourceTree = BUILT_PRODUCTS_DIR; };
		7A50DDAE1FA02A8D00616761 /* Swift_protocalTests.swift */ = {isa = PBXFileReference; lastKnownFileType = sourcecode.swift; path = Swift_protocalTests.swift; sourceTree = "<group>"; };
		7A50DDB01FA02A8D00616761 /* Info.plist */ = {isa = PBXFileReference; lastKnownFileType = text.plist.xml; path = Info.plist; sourceTree = "<group>"; };
		7A50DDB51FA02A8D00616761 /* Swift_protocalUITests.xctest */ = {isa = PBXFileReference; explicitFileType = wrapper.cfbundle; includeInIndex = 0; path = Swift_protocalUITests.xctest; sourceTree = BUILT_PRODUCTS_DIR; };
		7A50DDB91FA02A8D00616761 /* Swift_protocalUITests.swift */ = {isa = PBXFileReference; lastKnownFileType = sourcecode.swift; path = Swift_protocalUITests.swift; sourceTree = "<group>"; };
		7A50DDBB1FA02A8D00616761 /* Info.plist */ = {isa = PBXFileReference; lastKnownFileType = text.plist.xml; path = Info.plist; sourceTree = "<group>"; };
		7A50DDC71FA02B1900616761 /* PPProtocal.swift */ = {isa = PBXFileReference; lastKnownFileType = sourcecode.swift; path = PPProtocal.swift; sourceTree = "<group>"; };
		7A50DDC91FA02B8800616761 /* PPPerson.swift */ = {isa = PBXFileReference; lastKnownFileType = sourcecode.swift; path = PPPerson.swift; sourceTree = "<group>"; };
		7A50DDCB1FA02BF800616761 /* PPDog.swift */ = {isa = PBXFileReference; lastKnownFileType = sourcecode.swift; path = PPDog.swift; sourceTree = "<group>"; };
		7A50DDCD1FA02DDB00616761 /* PPEatable.swift */ = {isa = PBXFileReference; lastKnownFileType = sourcecode.swift; path = PPEatable.swift; sourceTree = "<group>"; };
		7A50DDCF1FA0304400616761 /* PPFish.swift */ = {isa = PBXFileReference; lastKnownFileType = sourcecode.swift; path = PPFish.swift; sourceTree = "<group>"; };
		7A50DDD11FA0360300616761 /* PPHUD.swift */ = {isa = PBXFileReference; lastKnownFileType = sourcecode.swift; path = PPHUD.swift; sourceTree = "<group>"; };
		8A616B6A0705039F4240980E /* Pods-Swift_protocalTests.release.xcconfig */ = {isa = PBXFileReference; includeInIndex = 1; lastKnownFileType = text.xcconfig; name = "Pods-Swift_protocalTests.release.xcconfig"; path = "Pods/Target Support Files/Pods-Swift_protocalTests/Pods-Swift_protocalTests.release.xcconfig"; sourceTree = "<group>"; };
		B71C599EA92449AB95ED219B /* Pods-Swift_protocal.release.xcconfig */ = {isa = PBXFileReference; includeInIndex = 1; lastKnownFileType = text.xcconfig; name = "Pods-Swift_protocal.release.xcconfig"; path = "Pods/Target Support Files/Pods-Swift_protocal/Pods-Swift_protocal.release.xcconfig"; sourceTree = "<group>"; };
		BD61160344D4A3580E575BA4 /* Pods_Swift_protocal.framework */ = {isa = PBXFileReference; explicitFileType = wrapper.framework; includeInIndex = 0; path = Pods_Swift_protocal.framework; sourceTree = BUILT_PRODUCTS_DIR; };
		FE4E9D191F3F10D7F1AA00D5 /* Pods-Swift_protocalTests.debug.xcconfig */ = {isa = PBXFileReference; includeInIndex = 1; lastKnownFileType = text.xcconfig; name = "Pods-Swift_protocalTests.debug.xcconfig"; path = "Pods/Target Support Files/Pods-Swift_protocalTests/Pods-Swift_protocalTests.debug.xcconfig"; sourceTree = "<group>"; };
/* End PBXFileReference section */

/* Begin PBXFrameworksBuildPhase section */
		7A50DD931FA02A8D00616761 /* Frameworks */ = {
			isa = PBXFrameworksBuildPhase;
			buildActionMask = 2147483647;
			files = (
				30CD1A56CE4D3578143D4683 /* Pods_Swift_protocal.framework in Frameworks */,
			);
			runOnlyForDeploymentPostprocessing = 0;
		};
		7A50DDA71FA02A8D00616761 /* Frameworks */ = {
			isa = PBXFrameworksBuildPhase;
			buildActionMask = 2147483647;
			files = (
				4214FC5174F5094E0A76923F /* Pods_Swift_protocalTests.framework in Frameworks */,
			);
			runOnlyForDeploymentPostprocessing = 0;
		};
		7A50DDB21FA02A8D00616761 /* Frameworks */ = {
			isa = PBXFrameworksBuildPhase;
			buildActionMask = 2147483647;
			files = (
				2DF45BD8BDC203A8EAB546C2 /* Pods_Swift_protocalUITests.framework in Frameworks */,
			);
			runOnlyForDeploymentPostprocessing = 0;
		};
/* End PBXFrameworksBuildPhase section */

/* Begin PBXGroup section */
		30B73D9A99A826E1509D9370 /* Frameworks */ = {
			isa = PBXGroup;
			children = (
				BD61160344D4A3580E575BA4 /* Pods_Swift_protocal.framework */,
				6B1DCBD78CB085D56796C792 /* Pods_Swift_protocalTests.framework */,
				18D2CED8EA366BC065D31A92 /* Pods_Swift_protocalUITests.framework */,
			);
			name = Frameworks;
			sourceTree = "<group>";
		};
		7A50DD8D1FA02A8D00616761 = {
			isa = PBXGroup;
			children = (
				7A50DD981FA02A8D00616761 /* Swift_protocal */,
				7A50DDAD1FA02A8D00616761 /* Swift_protocalTests */,
				7A50DDB81FA02A8D00616761 /* Swift_protocalUITests */,
				7A50DD971FA02A8D00616761 /* Products */,
				8E3A2B5EA62AB96BA3A73FF8 /* Pods */,
				30B73D9A99A826E1509D9370 /* Frameworks */,
			);
			sourceTree = "<group>";
		};
		7A50DD971FA02A8D00616761 /* Products */ = {
			isa = PBXGroup;
			children = (
				7A50DD961FA02A8D00616761 /* Swift_protocal.app */,
				7A50DDAA1FA02A8D00616761 /* Swift_protocalTests.xctest */,
				7A50DDB51FA02A8D00616761 /* Swift_protocalUITests.xctest */,
			);
			name = Products;
			sourceTree = "<group>";
		};
		7A50DD981FA02A8D00616761 /* Swift_protocal */ = {
			isa = PBXGroup;
			children = (
				7A50DD991FA02A8D00616761 /* AppDelegate.swift */,
				7A50DD9B1FA02A8D00616761 /* ViewController.swift */,
				7A50DDC71FA02B1900616761 /* PPProtocal.swift */,
				7A50DDCD1FA02DDB00616761 /* PPEatable.swift */,
				7A50DDD11FA0360300616761 /* PPHUD.swift */,
				7A50DDC91FA02B8800616761 /* PPPerson.swift */,
				7A50DDCB1FA02BF800616761 /* PPDog.swift */,
				7A50DDCF1FA0304400616761 /* PPFish.swift */,
				7A50DD9D1FA02A8D00616761 /* Main.storyboard */,
				7A50DDA01FA02A8D00616761 /* Assets.xcassets */,
				7A50DDA21FA02A8D00616761 /* LaunchScreen.storyboard */,
				7A50DDA51FA02A8D00616761 /* Info.plist */,
			);
			path = Swift_protocal;
			sourceTree = "<group>";
		};
		7A50DDAD1FA02A8D00616761 /* Swift_protocalTests */ = {
			isa = PBXGroup;
			children = (
				7A50DDAE1FA02A8D00616761 /* Swift_protocalTests.swift */,
				7A50DDB01FA02A8D00616761 /* Info.plist */,
			);
			path = Swift_protocalTests;
			sourceTree = "<group>";
		};
		7A50DDB81FA02A8D00616761 /* Swift_protocalUITests */ = {
			isa = PBXGroup;
			children = (
				7A50DDB91FA02A8D00616761 /* Swift_protocalUITests.swift */,
				7A50DDBB1FA02A8D00616761 /* Info.plist */,
			);
			path = Swift_protocalUITests;
			sourceTree = "<group>";
		};
		8E3A2B5EA62AB96BA3A73FF8 /* Pods */ = {
			isa = PBXGroup;
			children = (
				3E2C207EBE7C4E687ADDC1E8 /* Pods-Swift_protocal.debug.xcconfig */,
				B71C599EA92449AB95ED219B /* Pods-Swift_protocal.release.xcconfig */,
				FE4E9D191F3F10D7F1AA00D5 /* Pods-Swift_protocalTests.debug.xcconfig */,
				8A616B6A0705039F4240980E /* Pods-Swift_protocalTests.release.xcconfig */,
				4B1A3EA9FE69733226D45A2F /* Pods-Swift_protocalUITests.debug.xcconfig */,
				5EDA87B310DC7A7F09614F8F /* Pods-Swift_protocalUITests.release.xcconfig */,
			);
			name = Pods;
			sourceTree = "<group>";
		};
/* End PBXGroup section */

/* Begin PBXNativeTarget section */
		7A50DD951FA02A8D00616761 /* Swift_protocal */ = {
			isa = PBXNativeTarget;
			buildConfigurationList = 7A50DDBE1FA02A8D00616761 /* Build configuration list for PBXNativeTarget "Swift_protocal" */;
			buildPhases = (
				3856DB5086BCEFCFDB4BDFE5 /* [CP] Check Pods Manifest.lock */,
				7A50DD921FA02A8D00616761 /* Sources */,
				7A50DD931FA02A8D00616761 /* Frameworks */,
				7A50DD941FA02A8D00616761 /* Resources */,
				CF06155354589412249B386D /* [CP] Embed Pods Frameworks */,
				0CBA7F28170B317B230744F7 /* [CP] Copy Pods Resources */,
			);
			buildRules = (
			);
			dependencies = (
			);
			name = Swift_protocal;
			productName = Swift_protocal;
			productReference = 7A50DD961FA02A8D00616761 /* Swift_protocal.app */;
			productType = "com.apple.product-type.application";
		};
		7A50DDA91FA02A8D00616761 /* Swift_protocalTests */ = {
			isa = PBXNativeTarget;
			buildConfigurationList = 7A50DDC11FA02A8D00616761 /* Build configuration list for PBXNativeTarget "Swift_protocalTests" */;
			buildPhases = (
				83E31C4B5D1234BF0AA17BC8 /* [CP] Check Pods Manifest.lock */,
				7A50DDA61FA02A8D00616761 /* Sources */,
				7A50DDA71FA02A8D00616761 /* Frameworks */,
				7A50DDA81FA02A8D00616761 /* Resources */,
				5E7D6E1F960CDCCCA11C99F1 /* [CP] Embed Pods Frameworks */,
				E149364B54BFD76E96B07068 /* [CP] Copy Pods Resources */,
			);
			buildRules = (
			);
			dependencies = (
				7A50DDAC1FA02A8D00616761 /* PBXTargetDependency */,
			);
			name = Swift_protocalTests;
			productName = Swift_protocalTests;
			productReference = 7A50DDAA1FA02A8D00616761 /* Swift_protocalTests.xctest */;
			productType = "com.apple.product-type.bundle.unit-test";
		};
		7A50DDB41FA02A8D00616761 /* Swift_protocalUITests */ = {
			isa = PBXNativeTarget;
			buildConfigurationList = 7A50DDC41FA02A8D00616761 /* Build configuration list for PBXNativeTarget "Swift_protocalUITests" */;
			buildPhases = (
				509DF1355BAB9D764495AD2F /* [CP] Check Pods Manifest.lock */,
				7A50DDB11FA02A8D00616761 /* Sources */,
				7A50DDB21FA02A8D00616761 /* Frameworks */,
				7A50DDB31FA02A8D00616761 /* Resources */,
				CE0E91AE92558F436CFFDD3C /* [CP] Embed Pods Frameworks */,
				723C9B1A4CD6B035C85DC348 /* [CP] Copy Pods Resources */,
			);
			buildRules = (
			);
			dependencies = (
				7A50DDB71FA02A8D00616761 /* PBXTargetDependency */,
			);
			name = Swift_protocalUITests;
			productName = Swift_protocalUITests;
			productReference = 7A50DDB51FA02A8D00616761 /* Swift_protocalUITests.xctest */;
			productType = "com.apple.product-type.bundle.ui-testing";
		};
/* End PBXNativeTarget section */

/* Begin PBXProject section */
		7A50DD8E1FA02A8D00616761 /* Project object */ = {
			isa = PBXProject;
			attributes = {
				LastSwiftUpdateCheck = 0900;
				LastUpgradeCheck = 0900;
				ORGANIZATIONNAME = HongpengYu;
				TargetAttributes = {
					7A50DD951FA02A8D00616761 = {
						CreatedOnToolsVersion = 9.0.1;
						ProvisioningStyle = Automatic;
					};
					7A50DDA91FA02A8D00616761 = {
						CreatedOnToolsVersion = 9.0.1;
						ProvisioningStyle = Automatic;
						TestTargetID = 7A50DD951FA02A8D00616761;
					};
					7A50DDB41FA02A8D00616761 = {
						CreatedOnToolsVersion = 9.0.1;
						ProvisioningStyle = Automatic;
						TestTargetID = 7A50DD951FA02A8D00616761;
					};
				};
			};
			buildConfigurationList = 7A50DD911FA02A8D00616761 /* Build configuration list for PBXProject "Swift_protocal" */;
			compatibilityVersion = "Xcode 8.0";
			developmentRegion = en;
			hasScannedForEncodings = 0;
			knownRegions = (
				en,
				Base,
			);
			mainGroup = 7A50DD8D1FA02A8D00616761;
			productRefGroup = 7A50DD971FA02A8D00616761 /* Products */;
			projectDirPath = "";
			projectRoot = "";
			targets = (
				7A50DD951FA02A8D00616761 /* Swift_protocal */,
				7A50DDA91FA02A8D00616761 /* Swift_protocalTests */,
				7A50DDB41FA02A8D00616761 /* Swift_protocalUITests */,
			);
		};
/* End PBXProject section */

/* Begin PBXResourcesBuildPhase section */
		7A50DD941FA02A8D00616761 /* Resources */ = {
			isa = PBXResourcesBuildPhase;
			buildActionMask = 2147483647;
			files = (
				7A50DDA41FA02A8D00616761 /* LaunchScreen.storyboard in Resources */,
				7A50DDA11FA02A8D00616761 /* Assets.xcassets in Resources */,
				7A50DD9F1FA02A8D00616761 /* Main.storyboard in Resources */,
			);
			runOnlyForDeploymentPostprocessing = 0;
		};
		7A50DDA81FA02A8D00616761 /* Resources */ = {
			isa = PBXResourcesBuildPhase;
			buildActionMask = 2147483647;
			files = (
			);
			runOnlyForDeploymentPostprocessing = 0;
		};
		7A50DDB31FA02A8D00616761 /* Resources */ = {
			isa = PBXResourcesBuildPhase;
			buildActionMask = 2147483647;
			files = (
			);
			runOnlyForDeploymentPostprocessing = 0;
		};
/* End PBXResourcesBuildPhase section */

/* Begin PBXShellScriptBuildPhase section */
		0CBA7F28170B317B230744F7 /* [CP] Copy Pods Resources */ = {
			isa = PBXShellScriptBuildPhase;
			buildActionMask = 2147483647;
			files = (
			);
			inputPaths = (
			);
			name = "[CP] Copy Pods Resources";
			outputPaths = (
			);
			runOnlyForDeploymentPostprocessing = 0;
			shellPath = /bin/sh;
			shellScript = "\"${SRCROOT}/Pods/Target Support Files/Pods-Swift_protocal/Pods-Swift_protocal-resources.sh\"\n";
			showEnvVarsInLog = 0;
		};
		3856DB5086BCEFCFDB4BDFE5 /* [CP] Check Pods Manifest.lock */ = {
			isa = PBXShellScriptBuildPhase;
			buildActionMask = 2147483647;
			files = (
			);
			inputPaths = (
				"${PODS_PODFILE_DIR_PATH}/Podfile.lock",
				"${PODS_ROOT}/Manifest.lock",
			);
			name = "[CP] Check Pods Manifest.lock";
			outputPaths = (
				"$(DERIVED_FILE_DIR)/Pods-Swift_protocal-checkManifestLockResult.txt",
			);
			runOnlyForDeploymentPostprocessing = 0;
			shellPath = /bin/sh;
			shellScript = "diff \"${PODS_PODFILE_DIR_PATH}/Podfile.lock\" \"${PODS_ROOT}/Manifest.lock\" > /dev/null\nif [ $? != 0 ] ; then\n    # print error to STDERR\n    echo \"error: The sandbox is not in sync with the Podfile.lock. Run 'pod install' or update your CocoaPods installation.\" >&2\n    exit 1\nfi\n# This output is used by Xcode 'outputs' to avoid re-running this script phase.\necho \"SUCCESS\" > \"${SCRIPT_OUTPUT_FILE_0}\"\n";
			showEnvVarsInLog = 0;
		};
		509DF1355BAB9D764495AD2F /* [CP] Check Pods Manifest.lock */ = {
			isa = PBXShellScriptBuildPhase;
			buildActionMask = 2147483647;
			files = (
			);
			inputPaths = (
				"${PODS_PODFILE_DIR_PATH}/Podfile.lock",
				"${PODS_ROOT}/Manifest.lock",
			);
			name = "[CP] Check Pods Manifest.lock";
			outputPaths = (
				"$(DERIVED_FILE_DIR)/Pods-Swift_protocalUITests-checkManifestLockResult.txt",
			);
			runOnlyForDeploymentPostprocessing = 0;
			shellPath = /bin/sh;
			shellScript = "diff \"${PODS_PODFILE_DIR_PATH}/Podfile.lock\" \"${PODS_ROOT}/Manifest.lock\" > /dev/null\nif [ $? != 0 ] ; then\n    # print error to STDERR\n    echo \"error: The sandbox is not in sync with the Podfile.lock. Run 'pod install' or update your CocoaPods installation.\" >&2\n    exit 1\nfi\n# This output is used by Xcode 'outputs' to avoid re-running this script phase.\necho \"SUCCESS\" > \"${SCRIPT_OUTPUT_FILE_0}\"\n";
			showEnvVarsInLog = 0;
		};
		5E7D6E1F960CDCCCA11C99F1 /* [CP] Embed Pods Frameworks */ = {
			isa = PBXShellScriptBuildPhase;
			buildActionMask = 2147483647;
			files = (
			);
			inputPaths = (
			);
			name = "[CP] Embed Pods Frameworks";
			outputPaths = (
			);
			runOnlyForDeploymentPostprocessing = 0;
			shellPath = /bin/sh;
			shellScript = "\"${SRCROOT}/Pods/Target Support Files/Pods-Swift_protocalTests/Pods-Swift_protocalTests-frameworks.sh\"\n";
			showEnvVarsInLog = 0;
		};
		723C9B1A4CD6B035C85DC348 /* [CP] Copy Pods Resources */ = {
			isa = PBXShellScriptBuildPhase;
			buildActionMask = 2147483647;
			files = (
			);
			inputPaths = (
			);
			name = "[CP] Copy Pods Resources";
			outputPaths = (
			);
			runOnlyForDeploymentPostprocessing = 0;
			shellPath = /bin/sh;
			shellScript = "\"${SRCROOT}/Pods/Target Support Files/Pods-Swift_protocalUITests/Pods-Swift_protocalUITests-resources.sh\"\n";
			showEnvVarsInLog = 0;
		};
		83E31C4B5D1234BF0AA17BC8 /* [CP] Check Pods Manifest.lock */ = {
			isa = PBXShellScriptBuildPhase;
			buildActionMask = 2147483647;
			files = (
			);
			inputPaths = (
				"${PODS_PODFILE_DIR_PATH}/Podfile.lock",
				"${PODS_ROOT}/Manifest.lock",
			);
			name = "[CP] Check Pods Manifest.lock";
			outputPaths = (
				"$(DERIVED_FILE_DIR)/Pods-Swift_protocalTests-checkManifestLockResult.txt",
			);
			runOnlyForDeploymentPostprocessing = 0;
			shellPath = /bin/sh;
			shellScript = "diff \"${PODS_PODFILE_DIR_PATH}/Podfile.lock\" \"${PODS_ROOT}/Manifest.lock\" > /dev/null\nif [ $? != 0 ] ; then\n    # print error to STDERR\n    echo \"error: The sandbox is not in sync with the Podfile.lock. Run 'pod install' or update your CocoaPods installation.\" >&2\n    exit 1\nfi\n# This output is used by Xcode 'outputs' to avoid re-running this script phase.\necho \"SUCCESS\" > \"${SCRIPT_OUTPUT_FILE_0}\"\n";
			showEnvVarsInLog = 0;
		};
		CE0E91AE92558F436CFFDD3C /* [CP] Embed Pods Frameworks */ = {
			isa = PBXShellScriptBuildPhase;
			buildActionMask = 2147483647;
			files = (
			);
			inputPaths = (
			);
			name = "[CP] Embed Pods Frameworks";
			outputPaths = (
			);
			runOnlyForDeploymentPostprocessing = 0;
			shellPath = /bin/sh;
			shellScript = "\"${SRCROOT}/Pods/Target Support Files/Pods-Swift_protocalUITests/Pods-Swift_protocalUITests-frameworks.sh\"\n";
			showEnvVarsInLog = 0;
		};
		CF06155354589412249B386D /* [CP] Embed Pods Frameworks */ = {
			isa = PBXShellScriptBuildPhase;
			buildActionMask = 2147483647;
			files = (
			);
			inputPaths = (
				"${SRCROOT}/Pods/Target Support Files/Pods-Swift_protocal/Pods-Swift_protocal-frameworks.sh",
				"${BUILT_PRODUCTS_DIR}/SVProgressHUD/SVProgressHUD.framework",
			);
			name = "[CP] Embed Pods Frameworks";
			outputPaths = (
				"${TARGET_BUILD_DIR}/${FRAMEWORKS_FOLDER_PATH}/SVProgressHUD.framework",
			);
			runOnlyForDeploymentPostprocessing = 0;
			shellPath = /bin/sh;
			shellScript = "\"${SRCROOT}/Pods/Target Support Files/Pods-Swift_protocal/Pods-Swift_protocal-frameworks.sh\"\n";
			showEnvVarsInLog = 0;
		};
		E149364B54BFD76E96B07068 /* [CP] Copy Pods Resources */ = {
			isa = PBXShellScriptBuildPhase;
			buildActionMask = 2147483647;
			files = (
			);
			inputPaths = (
			);
			name = "[CP] Copy Pods Resources";
			outputPaths = (
			);
			runOnlyForDeploymentPostprocessing = 0;
			shellPath = /bin/sh;
			shellScript = "\"${SRCROOT}/Pods/Target Support Files/Pods-Swift_protocalTests/Pods-Swift_protocalTests-resources.sh\"\n";
			showEnvVarsInLog = 0;
		};
/* End PBXShellScriptBuildPhase section */

/* Begin PBXSourcesBuildPhase section */
		7A50DD921FA02A8D00616761 /* Sources */ = {
			isa = PBXSourcesBuildPhase;
			buildActionMask = 2147483647;
			files = (
				7A50DDCA1FA02B8800616761 /* PPPerson.swift in Sources */,
				7A50DD9C1FA02A8D00616761 /* ViewController.swift in Sources */,
				7A50DDC81FA02B1900616761 /* PPProtocal.swift in Sources */,
				7A50DDCC1FA02BF800616761 /* PPDog.swift in Sources */,
				7A50DDCE1FA02DDB00616761 /* PPEatable.swift in Sources */,
				7A50DDD01FA0304400616761 /* PPFish.swift in Sources */,
				7A50DD9A1FA02A8D00616761 /* AppDelegate.swift in Sources */,
				7A50DDD21FA0360300616761 /* PPHUD.swift in Sources */,
			);
			runOnlyForDeploymentPostprocessing = 0;
		};
		7A50DDA61FA02A8D00616761 /* Sources */ = {
			isa = PBXSourcesBuildPhase;
			buildActionMask = 2147483647;
			files = (
				7A50DDAF1FA02A8D00616761 /* Swift_protocalTests.swift in Sources */,
			);
			runOnlyForDeploymentPostprocessing = 0;
		};
		7A50DDB11FA02A8D00616761 /* Sources */ = {
			isa = PBXSourcesBuildPhase;
			buildActionMask = 2147483647;
			files = (
				7A50DDBA1FA02A8D00616761 /* Swift_protocalUITests.swift in Sources */,
			);
			runOnlyForDeploymentPostprocessing = 0;
		};
/* End PBXSourcesBuildPhase section */

/* Begin PBXTargetDependency section */
		7A50DDAC1FA02A8D00616761 /* PBXTargetDependency */ = {
			isa = PBXTargetDependency;
			target = 7A50DD951FA02A8D00616761 /* Swift_protocal */;
			targetProxy = 7A50DDAB1FA02A8D00616761 /* PBXContainerItemProxy */;
		};
		7A50DDB71FA02A8D00616761 /* PBXTargetDependency */ = {
			isa = PBXTargetDependency;
			target = 7A50DD951FA02A8D00616761 /* Swift_protocal */;
			targetProxy = 7A50DDB61FA02A8D00616761 /* PBXContainerItemProxy */;
		};
/* End PBXTargetDependency section */

/* Begin PBXVariantGroup section */
		7A50DD9D1FA02A8D00616761 /* Main.storyboard */ = {
			isa = PBXVariantGroup;
			children = (
				7A50DD9E1FA02A8D00616761 /* Base */,
			);
			name = Main.storyboard;
			sourceTree = "<group>";
		};
		7A50DDA21FA02A8D00616761 /* LaunchScreen.storyboard */ = {
			isa = PBXVariantGroup;
			children = (
				7A50DDA31FA02A8D00616761 /* Base */,
			);
			name = LaunchScreen.storyboard;
			sourceTree = "<group>";
		};
/* End PBXVariantGroup section */

/* Begin XCBuildConfiguration section */
		7A50DDBC1FA02A8D00616761 /* Debug */ = {
			isa = XCBuildConfiguration;
			buildSettings = {
				ALWAYS_SEARCH_USER_PATHS = NO;
				CLANG_ANALYZER_NONNULL = YES;
				CLANG_ANALYZER_NUMBER_OBJECT_CONVERSION = YES_AGGRESSIVE;
				CLANG_CXX_LANGUAGE_STANDARD = "gnu++14";
				CLANG_CXX_LIBRARY = "libc++";
				CLANG_ENABLE_MODULES = YES;
				CLANG_ENABLE_OBJC_ARC = YES;
				CLANG_WARN_BLOCK_CAPTURE_AUTORELEASING = YES;
				CLANG_WARN_BOOL_CONVERSION = YES;
				CLANG_WARN_COMMA = YES;
				CLANG_WARN_CONSTANT_CONVERSION = YES;
				CLANG_WARN_DIRECT_OBJC_ISA_USAGE = YES_ERROR;
				CLANG_WARN_DOCUMENTATION_COMMENTS = YES;
				CLANG_WARN_EMPTY_BODY = YES;
				CLANG_WARN_ENUM_CONVERSION = YES;
				CLANG_WARN_INFINITE_RECURSION = YES;
				CLANG_WARN_INT_CONVERSION = YES;
				CLANG_WARN_NON_LITERAL_NULL_CONVERSION = YES;
				CLANG_WARN_OBJC_LITERAL_CONVERSION = YES;
				CLANG_WARN_OBJC_ROOT_CLASS = YES_ERROR;
				CLANG_WARN_RANGE_LOOP_ANALYSIS = YES;
				CLANG_WARN_STRICT_PROTOTYPES = YES;
				CLANG_WARN_SUSPICIOUS_MOVE = YES;
				CLANG_WARN_UNGUARDED_AVAILABILITY = YES_AGGRESSIVE;
				CLANG_WARN_UNREACHABLE_CODE = YES;
				CLANG_WARN__DUPLICATE_METHOD_MATCH = YES;
				CODE_SIGN_IDENTITY = "iPhone Developer";
				COPY_PHASE_STRIP = NO;
				DEBUG_INFORMATION_FORMAT = dwarf;
				ENABLE_STRICT_OBJC_MSGSEND = YES;
				ENABLE_TESTABILITY = YES;
				GCC_C_LANGUAGE_STANDARD = gnu11;
				GCC_DYNAMIC_NO_PIC = NO;
				GCC_NO_COMMON_BLOCKS = YES;
				GCC_OPTIMIZATION_LEVEL = 0;
				GCC_PREPROCESSOR_DEFINITIONS = (
					"DEBUG=1",
					"$(inherited)",
				);
				GCC_WARN_64_TO_32_BIT_CONVERSION = YES;
				GCC_WARN_ABOUT_RETURN_TYPE = YES_ERROR;
				GCC_WARN_UNDECLARED_SELECTOR = YES;
				GCC_WARN_UNINITIALIZED_AUTOS = YES_AGGRESSIVE;
				GCC_WARN_UNUSED_FUNCTION = YES;
				GCC_WARN_UNUSED_VARIABLE = YES;
				IPHONEOS_DEPLOYMENT_TARGET = 11.0;
				MTL_ENABLE_DEBUG_INFO = YES;
				ONLY_ACTIVE_ARCH = YES;
				SDKROOT = iphoneos;
				SWIFT_ACTIVE_COMPILATION_CONDITIONS = DEBUG;
				SWIFT_OPTIMIZATION_LEVEL = "-Onone";
			};
			name = Debug;
		};
		7A50DDBD1FA02A8D00616761 /* Release */ = {
			isa = XCBuildConfiguration;
			buildSettings = {
				ALWAYS_SEARCH_USER_PATHS = NO;
				CLANG_ANALYZER_NONNULL = YES;
				CLANG_ANALYZER_NUMBER_OBJECT_CONVERSION = YES_AGGRESSIVE;
				CLANG_CXX_LANGUAGE_STANDARD = "gnu++14";
				CLANG_CXX_LIBRARY = "libc++";
				CLANG_ENABLE_MODULES = YES;
				CLANG_ENABLE_OBJC_ARC = YES;
				CLANG_WARN_BLOCK_CAPTURE_AUTORELEASING = YES;
				CLANG_WARN_BOOL_CONVERSION = YES;
				CLANG_WARN_COMMA = YES;
				CLANG_WARN_CONSTANT_CONVERSION = YES;
				CLANG_WARN_DIRECT_OBJC_ISA_USAGE = YES_ERROR;
				CLANG_WARN_DOCUMENTATION_COMMENTS = YES;
				CLANG_WARN_EMPTY_BODY = YES;
				CLANG_WARN_ENUM_CONVERSION = YES;
				CLANG_WARN_INFINITE_RECURSION = YES;
				CLANG_WARN_INT_CONVERSION = YES;
				CLANG_WARN_NON_LITERAL_NULL_CONVERSION = YES;
				CLANG_WARN_OBJC_LITERAL_CONVERSION = YES;
				CLANG_WARN_OBJC_ROOT_CLASS = YES_ERROR;
				CLANG_WARN_RANGE_LOOP_ANALYSIS = YES;
				CLANG_WARN_STRICT_PROTOTYPES = YES;
				CLANG_WARN_SUSPICIOUS_MOVE = YES;
				CLANG_WARN_UNGUARDED_AVAILABILITY = YES_AGGRESSIVE;
				CLANG_WARN_UNREACHABLE_CODE = YES;
				CLANG_WARN__DUPLICATE_METHOD_MATCH = YES;
				CODE_SIGN_IDENTITY = "iPhone Developer";
				COPY_PHASE_STRIP = NO;
				DEBUG_INFORMATION_FORMAT = "dwarf-with-dsym";
				ENABLE_NS_ASSERTIONS = NO;
				ENABLE_STRICT_OBJC_MSGSEND = YES;
				GCC_C_LANGUAGE_STANDARD = gnu11;
				GCC_NO_COMMON_BLOCKS = YES;
				GCC_WARN_64_TO_32_BIT_CONVERSION = YES;
				GCC_WARN_ABOUT_RETURN_TYPE = YES_ERROR;
				GCC_WARN_UNDECLARED_SELECTOR = YES;
				GCC_WARN_UNINITIALIZED_AUTOS = YES_AGGRESSIVE;
				GCC_WARN_UNUSED_FUNCTION = YES;
				GCC_WARN_UNUSED_VARIABLE = YES;
				IPHONEOS_DEPLOYMENT_TARGET = 11.0;
				MTL_ENABLE_DEBUG_INFO = NO;
				SDKROOT = iphoneos;
				SWIFT_OPTIMIZATION_LEVEL = "-Owholemodule";
				VALIDATE_PRODUCT = YES;
			};
			name = Release;
		};
		7A50DDBF1FA02A8D00616761 /* Debug */ = {
			isa = XCBuildConfiguration;
			baseConfigurationReference = 3E2C207EBE7C4E687ADDC1E8 /* Pods-Swift_protocal.debug.xcconfig */;
			buildSettings = {
				ASSETCATALOG_COMPILER_APPICON_NAME = AppIcon;
				CODE_SIGN_STYLE = Automatic;
				DEVELOPMENT_TEAM = UP23SS576K;
				INFOPLIST_FILE = Swift_protocal/Info.plist;
				LD_RUNPATH_SEARCH_PATHS = "$(inherited) @executable_path/Frameworks";
				PRODUCT_BUNDLE_IDENTIFIER = "HongpengYu.com.Swift-protocal";
				PRODUCT_NAME = "$(TARGET_NAME)";
				SWIFT_VERSION = 4.0;
				TARGETED_DEVICE_FAMILY = "1,2";
			};
			name = Debug;
		};
		7A50DDC01FA02A8D00616761 /* Release */ = {
			isa = XCBuildConfiguration;
			baseConfigurationReference = B71C599EA92449AB95ED219B /* Pods-Swift_protocal.release.xcconfig */;
			buildSettings = {
				ASSETCATALOG_COMPILER_APPICON_NAME = AppIcon;
				CODE_SIGN_STYLE = Automatic;
				DEVELOPMENT_TEAM = UP23SS576K;
				INFOPLIST_FILE = Swift_protocal/Info.plist;
				LD_RUNPATH_SEARCH_PATHS = "$(inherited) @executable_path/Frameworks";
				PRODUCT_BUNDLE_IDENTIFIER = "HongpengYu.com.Swift-protocal";
				PRODUCT_NAME = "$(TARGET_NAME)";
				SWIFT_VERSION = 4.0;
				TARGETED_DEVICE_FAMILY = "1,2";
			};
			name = Release;
		};
		7A50DDC21FA02A8D00616761 /* Debug */ = {
			isa = XCBuildConfiguration;
			baseConfigurationReference = FE4E9D191F3F10D7F1AA00D5 /* Pods-Swift_protocalTests.debug.xcconfig */;
			buildSettings = {
				ALWAYS_EMBED_SWIFT_STANDARD_LIBRARIES = YES;
				BUNDLE_LOADER = "$(TEST_HOST)";
				CODE_SIGN_STYLE = Automatic;
				DEVELOPMENT_TEAM = UP23SS576K;
				INFOPLIST_FILE = Swift_protocalTests/Info.plist;
				LD_RUNPATH_SEARCH_PATHS = "$(inherited) @executable_path/Frameworks @loader_path/Frameworks";
				PRODUCT_BUNDLE_IDENTIFIER = "HongpengYu.com.Swift-protocalTests";
				PRODUCT_NAME = "$(TARGET_NAME)";
				SWIFT_VERSION = 4.0;
				TARGETED_DEVICE_FAMILY = "1,2";
				TEST_HOST = "$(BUILT_PRODUCTS_DIR)/Swift_protocal.app/Swift_protocal";
			};
			name = Debug;
		};
		7A50DDC31FA02A8D00616761 /* Release */ = {
			isa = XCBuildConfiguration;
			baseConfigurationReference = 8A616B6A0705039F4240980E /* Pods-Swift_protocalTests.release.xcconfig */;
			buildSettings = {
				ALWAYS_EMBED_SWIFT_STANDARD_LIBRARIES = YES;
				BUNDLE_LOADER = "$(TEST_HOST)";
				CODE_SIGN_STYLE = Automatic;
				DEVELOPMENT_TEAM = UP23SS576K;
				INFOPLIST_FILE = Swift_protocalTests/Info.plist;
				LD_RUNPATH_SEARCH_PATHS = "$(inherited) @executable_path/Frameworks @loader_path/Frameworks";
				PRODUCT_BUNDLE_IDENTIFIER = "HongpengYu.com.Swift-protocalTests";
				PRODUCT_NAME = "$(TARGET_NAME)";
				SWIFT_VERSION = 4.0;
				TARGETED_DEVICE_FAMILY = "1,2";
				TEST_HOST = "$(BUILT_PRODUCTS_DIR)/Swift_protocal.app/Swift_protocal";
			};
			name = Release;
		};
		7A50DDC51FA02A8D00616761 /* Debug */ = {
			isa = XCBuildConfiguration;
			baseConfigurationReference = 4B1A3EA9FE69733226D45A2F /* Pods-Swift_protocalUITests.debug.xcconfig */;
			buildSettings = {
				ALWAYS_EMBED_SWIFT_STANDARD_LIBRARIES = YES;
				CODE_SIGN_STYLE = Automatic;
				DEVELOPMENT_TEAM = UP23SS576K;
				INFOPLIST_FILE = Swift_protocalUITests/Info.plist;
				LD_RUNPATH_SEARCH_PATHS = "$(inherited) @executable_path/Frameworks @loader_path/Frameworks";
				PRODUCT_BUNDLE_IDENTIFIER = "HongpengYu.com.Swift-protocalUITests";
				PRODUCT_NAME = "$(TARGET_NAME)";
				SWIFT_VERSION = 4.0;
				TARGETED_DEVICE_FAMILY = "1,2";
				TEST_TARGET_NAME = Swift_protocal;
			};
			name = Debug;
		};
		7A50DDC61FA02A8D00616761 /* Release */ = {
			isa = XCBuildConfiguration;
			baseConfigurationReference = 5EDA87B310DC7A7F09614F8F /* Pods-Swift_protocalUITests.release.xcconfig */;
			buildSettings = {
				ALWAYS_EMBED_SWIFT_STANDARD_LIBRARIES = YES;
				CODE_SIGN_STYLE = Automatic;
				DEVELOPMENT_TEAM = UP23SS576K;
				INFOPLIST_FILE = Swift_protocalUITests/Info.plist;
				LD_RUNPATH_SEARCH_PATHS = "$(inherited) @executable_path/Frameworks @loader_path/Frameworks";
				PRODUCT_BUNDLE_IDENTIFIER = "HongpengYu.com.Swift-protocalUITests";
				PRODUCT_NAME = "$(TARGET_NAME)";
				SWIFT_VERSION = 4.0;
				TARGETED_DEVICE_FAMILY = "1,2";
				TEST_TARGET_NAME = Swift_protocal;
			};
			name = Release;
		};
/* End XCBuildConfiguration section */

/* Begin XCConfigurationList section */
		7A50DD911FA02A8D00616761 /* Build configuration list for PBXProject "Swift_protocal" */ = {
			isa = XCConfigurationList;
			buildConfigurations = (
				7A50DDBC1FA02A8D00616761 /* Debug */,
				7A50DDBD1FA02A8D00616761 /* Release */,
			);
			defaultConfigurationIsVisible = 0;
			defaultConfigurationName = Release;
		};
		7A50DDBE1FA02A8D00616761 /* Build configuration list for PBXNativeTarget "Swift_protocal" */ = {
			isa = XCConfigurationList;
			buildConfigurations = (
				7A50DDBF1FA02A8D00616761 /* Debug */,
				7A50DDC01FA02A8D00616761 /* Release */,
			);
			defaultConfigurationIsVisible = 0;
			defaultConfigurationName = Release;
		};
		7A50DDC11FA02A8D00616761 /* Build configuration list for PBXNativeTarget "Swift_protocalTests" */ = {
			isa = XCConfigurationList;
			buildConfigurations = (
				7A50DDC21FA02A8D00616761 /* Debug */,
				7A50DDC31FA02A8D00616761 /* Release */,
			);
			defaultConfigurationIsVisible = 0;
			defaultConfigurationName = Release;
		};
		7A50DDC41FA02A8D00616761 /* Build configuration list for PBXNativeTarget "Swift_protocalUITests" */ = {
			isa = XCConfigurationList;
			buildConfigurations = (
				7A50DDC51FA02A8D00616761 /* Debug */,
				7A50DDC61FA02A8D00616761 /* Release */,
			);
			defaultConfigurationIsVisible = 0;
			defaultConfigurationName = Release;
		};
/* End XCConfigurationList section */
	};
	rootObject = 7A50DD8E1FA02A8D00616761 /* Project object */;
}
